
Microsoft Visual Studio Solution File, Format Version 12.00
# Visual Studio Version 16
VisualStudioVersion = 16.0.29409.12
MinimumVisualStudioVersion = 10.0.40219.1
Project("{9A19103F-16F7-4668-BE54-9A1E7A4F7556}") = "intra_models", "intra_models\intra_models.csproj", "{FF02BE60-A19F-48B1-8DFD-2BB155582DEA}"
EndProject
Project("{FAE04EC0-301F-11D3-BF4B-00C04F79EFBC}") = "Gestionnaire_Clients", "Gestionnaire_Clients\Gestionnaire_Clients.csproj", "{DFC0AE92-94D6-411D-AAFD-D473E74F4EB6}"
EndProject
Global
	GlobalSection(SolutionConfigurationPlatforms) = preSolution
		Debug|Any CPU = Debug|Any CPU
		Release|Any CPU = Release|Any CPU
	EndGlobalSection
	GlobalSection(ProjectConfigurationPlatforms) = postSolution
		{FF02BE60-A19F-48B1-8DFD-2BB155582DEA}.Debug|Any CPU.ActiveCfg = Debug|Any CPU
		{FF02BE60-A19F-48B1-8DFD-2BB155582DEA}.Debug|Any CPU.Build.0 = Debug|Any CPU
		{FF02BE60-A19F-48B1-8DFD-2BB155582DEA}.Release|Any CPU.ActiveCfg = Release|Any CPU
		{FF02BE60-A19F-48B1-8DFD-2BB155582DEA}.Release|Any CPU.Build.0 = Release|Any CPU
		{DFC0AE92-94D6-411D-AAFD-D473E74F4EB6}.Debug|Any CPU.ActiveCfg = Debug|Any CPU
		{DFC0AE92-94D6-411D-AAFD-D473E74F4EB6}.Debug|Any CPU.Build.0 = Debug|Any CPU
		{DFC0AE92-94D6-411D-AAFD-D473E74F4EB6}.Release|Any CPU.ActiveCfg = Release|Any CPU
		{DFC0AE92-94D6-411D-AAFD-D473E74F4EB6}.Release|Any CPU.Build.0 = Release|Any CPU
	EndGlobalSection
	GlobalSection(SolutionProperties) = preSolution
		HideSolutionNode = FALSE
	EndGlobalSection
	GlobalSection(ExtensibilityGlobals) = postSolution
		SolutionGuid = {637A4B0B-9A4B-4A63-8740-612FC24ECF50}
	EndGlobalSection
EndGlobal
